
Microsoft Visual Studio Solution File, Format Version 11.00
# Visual Studio 2010
# SharpDevelop 5.1
Project("{FAE04EC0-301F-11D3-BF4B-00C04F79EFBC}") = "vlajka_no2", "vlajka_no2\vlajka_no2.csproj", "{78FE1067-AFF2-4186-A91C-B1F2A1D39143}"
EndProject
Global
	GlobalSection(SolutionConfigurationPlatforms) = preSolution
		Debug|Any CPU = Debug|Any CPU
		Release|Any CPU = Release|Any CPU
	EndGlobalSection
	GlobalSection(ProjectConfigurationPlatforms) = postSolution
		{78FE1067-AFF2-4186-A91C-B1F2A1D39143}.Debug|Any CPU.ActiveCfg = Debug|Any CPU
		{78FE1067-AFF2-4186-A91C-B1F2A1D39143}.Debug|Any CPU.Build.0 = Debug|Any CPU
		{78FE1067-AFF2-4186-A91C-B1F2A1D39143}.Release|Any CPU.ActiveCfg = Release|Any CPU
		{78FE1067-AFF2-4186-A91C-B1F2A1D39143}.Release|Any CPU.Build.0 = Release|Any CPU
	EndGlobalSection
EndGlobal
