
Microsoft Visual Studio Solution File, Format Version 11.00
# Visual Studio 2010
# SharpDevelop 5.1
Project("{FAE04EC0-301F-11D3-BF4B-00C04F79EFBC}") = "PhoneBook", "PhoneBook.csproj", "{132D40F7-69B6-4423-A1F6-B6BD7B18A8E4}"
EndProject
Global
	GlobalSection(SolutionConfigurationPlatforms) = preSolution
		Debug|Any CPU = Debug|Any CPU
		Release|Any CPU = Release|Any CPU
	EndGlobalSection
	GlobalSection(ProjectConfigurationPlatforms) = postSolution
		{132D40F7-69B6-4423-A1F6-B6BD7B18A8E4}.Debug|Any CPU.ActiveCfg = Debug|Any CPU
		{132D40F7-69B6-4423-A1F6-B6BD7B18A8E4}.Debug|Any CPU.Build.0 = Debug|Any CPU
		{132D40F7-69B6-4423-A1F6-B6BD7B18A8E4}.Release|Any CPU.ActiveCfg = Release|Any CPU
		{132D40F7-69B6-4423-A1F6-B6BD7B18A8E4}.Release|Any CPU.Build.0 = Release|Any CPU
	EndGlobalSection
EndGlobal
