
Microsoft Visual Studio Solution File, Format Version 11.00
# Visual Studio 2010
# SharpDevelop 5.1
Project("{FAE04EC0-301F-11D3-BF4B-00C04F79EFBC}") = "DatabazeObci", "DatabazeObci\DatabazeObci.csproj", "{EDBFDF18-E85D-4D5F-ABA2-5F49D02A4965}"
EndProject
Global
	GlobalSection(SolutionConfigurationPlatforms) = preSolution
		Debug|Any CPU = Debug|Any CPU
		Release|Any CPU = Release|Any CPU
	EndGlobalSection
	GlobalSection(ProjectConfigurationPlatforms) = postSolution
		{EDBFDF18-E85D-4D5F-ABA2-5F49D02A4965}.Debug|Any CPU.ActiveCfg = Debug|Any CPU
		{EDBFDF18-E85D-4D5F-ABA2-5F49D02A4965}.Debug|Any CPU.Build.0 = Debug|Any CPU
		{EDBFDF18-E85D-4D5F-ABA2-5F49D02A4965}.Release|Any CPU.ActiveCfg = Release|Any CPU
		{EDBFDF18-E85D-4D5F-ABA2-5F49D02A4965}.Release|Any CPU.Build.0 = Release|Any CPU
	EndGlobalSection
EndGlobal
